
Microsoft Visual Studio Solution File, Format Version 12.00
# Visual Studio 15
VisualStudioVersion = 15.0.28307.271
MinimumVisualStudioVersion = 10.0.40219.1
Project("{FAE04EC0-301F-11D3-BF4B-00C04F79EFBC}") = "Api", "Api\Api.csproj", "{8D9DD4B1-7252-48B5-88A8-59E0C98EABB5}"
EndProject
Project("{FAE04EC0-301F-11D3-BF4B-00C04F79EFBC}") = "BusinessLogic", "BusinessLogic\BusinessLogic.csproj", "{8E0FB042-68D1-488D-95F3-A2B3B02BA0F3}"
EndProject
Project("{FAE04EC0-301F-11D3-BF4B-00C04F79EFBC}") = "Data", "Data\Data.csproj", "{1ACFA795-4DD6-4222-819A-2D6992D023FD}"
EndProject
Project("{FAE04EC0-301F-11D3-BF4B-00C04F79EFBC}") = "ViewModel", "ViewModel\ViewModel.csproj", "{3DE4CCCF-2A29-4D5A-B888-25126BD4323D}"
EndProject
Global
	GlobalSection(SolutionConfigurationPlatforms) = preSolution
		Debug|Any CPU = Debug|Any CPU
		Release|Any CPU = Release|Any CPU
	EndGlobalSection
	GlobalSection(ProjectConfigurationPlatforms) = postSolution
		{8D9DD4B1-7252-48B5-88A8-59E0C98EABB5}.Debug|Any CPU.ActiveCfg = Debug|Any CPU
		{8D9DD4B1-7252-48B5-88A8-59E0C98EABB5}.Debug|Any CPU.Build.0 = Debug|Any CPU
		{8D9DD4B1-7252-48B5-88A8-59E0C98EABB5}.Release|Any CPU.ActiveCfg = Release|Any CPU
		{8D9DD4B1-7252-48B5-88A8-59E0C98EABB5}.Release|Any CPU.Build.0 = Release|Any CPU
		{8E0FB042-68D1-488D-95F3-A2B3B02BA0F3}.Debug|Any CPU.ActiveCfg = Debug|Any CPU
		{8E0FB042-68D1-488D-95F3-A2B3B02BA0F3}.Debug|Any CPU.Build.0 = Debug|Any CPU
		{8E0FB042-68D1-488D-95F3-A2B3B02BA0F3}.Release|Any CPU.ActiveCfg = Release|Any CPU
		{8E0FB042-68D1-488D-95F3-A2B3B02BA0F3}.Release|Any CPU.Build.0 = Release|Any CPU
		{1ACFA795-4DD6-4222-819A-2D6992D023FD}.Debug|Any CPU.ActiveCfg = Debug|Any CPU
		{1ACFA795-4DD6-4222-819A-2D6992D023FD}.Debug|Any CPU.Build.0 = Debug|Any CPU
		{1ACFA795-4DD6-4222-819A-2D6992D023FD}.Release|Any CPU.ActiveCfg = Release|Any CPU
		{1ACFA795-4DD6-4222-819A-2D6992D023FD}.Release|Any CPU.Build.0 = Release|Any CPU
		{3DE4CCCF-2A29-4D5A-B888-25126BD4323D}.Debug|Any CPU.ActiveCfg = Debug|Any CPU
		{3DE4CCCF-2A29-4D5A-B888-25126BD4323D}.Debug|Any CPU.Build.0 = Debug|Any CPU
		{3DE4CCCF-2A29-4D5A-B888-25126BD4323D}.Release|Any CPU.ActiveCfg = Release|Any CPU
		{3DE4CCCF-2A29-4D5A-B888-25126BD4323D}.Release|Any CPU.Build.0 = Release|Any CPU
	EndGlobalSection
	GlobalSection(SolutionProperties) = preSolution
		HideSolutionNode = FALSE
	EndGlobalSection
	GlobalSection(ExtensibilityGlobals) = postSolution
		SolutionGuid = {8706B3F2-E276-4ECA-B073-A0845A106582}
	EndGlobalSection
EndGlobal
